// !$*UTF8*$!
{
	archiveVersion = 1;
	classes = {
	};
	objectVersion = 56;
	objects = {

/* Begin PBXBuildFile section */
		0C2B22B72AD742FF003CA111 /* AppDelegate.swift in Sources */ = {isa = PBXBuildFile; fileRef = 0C2B22B62AD742FF003CA111 /* AppDelegate.swift */; };
		0C2B22C02AD74301003CA111 /* Assets.xcassets in Resources */ = {isa = PBXBuildFile; fileRef = 0C2B22BF2AD74301003CA111 /* Assets.xcassets */; };
		0C2B22C32AD74301003CA111 /* LaunchScreen.storyboard in Resources */ = {isa = PBXBuildFile; fileRef = 0C2B22C12AD74301003CA111 /* LaunchScreen.storyboard */; };
		0C2B22CE2AD74413003CA111 /* SplashVC.swift in Sources */ = {isa = PBXBuildFile; fileRef = 0C2B22CD2AD74413003CA111 /* SplashVC.swift */; };
		0C2B22D12AD74458003CA111 /* LoginVC.swift in Sources */ = {isa = PBXBuildFile; fileRef = 0C2B22D02AD74458003CA111 /* LoginVC.swift */; };
		0C2B22DC2AD805A8003CA111 /* NAPrimaryButton.swift in Sources */ = {isa = PBXBuildFile; fileRef = 0C2B22DB2AD805A8003CA111 /* NAPrimaryButton.swift */; };
		0C2B22DE2AD805B9003CA111 /* NASecondaryButton.swift in Sources */ = {isa = PBXBuildFile; fileRef = 0C2B22DD2AD805B9003CA111 /* NASecondaryButton.swift */; };
		0C2B22E12AD806D3003CA111 /* NATitleLabel.swift in Sources */ = {isa = PBXBuildFile; fileRef = 0C2B22E02AD806D3003CA111 /* NATitleLabel.swift */; };
		0C2B22E52AD806F6003CA111 /* NABodyLabel.swift in Sources */ = {isa = PBXBuildFile; fileRef = 0C2B22E42AD806F6003CA111 /* NABodyLabel.swift */; };
		0C2B22E72AD8071E003CA111 /* NASecondaryTitleLabel.swift in Sources */ = {isa = PBXBuildFile; fileRef = 0C2B22E62AD8071E003CA111 /* NASecondaryTitleLabel.swift */; };
		0C2B22E92AD80AE6003CA111 /* NATextField.swift in Sources */ = {isa = PBXBuildFile; fileRef = 0C2B22E82AD80AE6003CA111 /* NATextField.swift */; };
		0C2B22EB2AD80BFE003CA111 /* NAAuthItemView.swift in Sources */ = {isa = PBXBuildFile; fileRef = 0C2B22EA2AD80BFE003CA111 /* NAAuthItemView.swift */; };
		0C2B22EE2AD80CFA003CA111 /* NAAuthHeaderVC.swift in Sources */ = {isa = PBXBuildFile; fileRef = 0C2B22ED2AD80CFA003CA111 /* NAAuthHeaderVC.swift */; };
		0C2B22F02AD810CD003CA111 /* NALoginInputVC.swift in Sources */ = {isa = PBXBuildFile; fileRef = 0C2B22EF2AD810CD003CA111 /* NALoginInputVC.swift */; };
		0C2B22F62AD81238003CA111 /* ForgotPasswordVC.swift in Sources */ = {isa = PBXBuildFile; fileRef = 0C2B22F52AD81238003CA111 /* ForgotPasswordVC.swift */; };
		0C2B22F82AD8126E003CA111 /* RegisterVC.swift in Sources */ = {isa = PBXBuildFile; fileRef = 0C2B22F72AD8126E003CA111 /* RegisterVC.swift */; };
		0C2B22FA2AD81716003CA111 /* NARegisterInputVC.swift in Sources */ = {isa = PBXBuildFile; fileRef = 0C2B22F92AD81716003CA111 /* NARegisterInputVC.swift */; };
		0C2B22FC2AD81A26003CA111 /* NAForgotPasswordInputVC.swift in Sources */ = {isa = PBXBuildFile; fileRef = 0C2B22FB2AD81A26003CA111 /* NAForgotPasswordInputVC.swift */; };
		0C2B23002AD81D54003CA111 /* KeyboardHelper.swift in Sources */ = {isa = PBXBuildFile; fileRef = 0C2B22FF2AD81D54003CA111 /* KeyboardHelper.swift */; };
		0C2B23052AD823A7003CA111 /* KeychainManager.swift in Sources */ = {isa = PBXBuildFile; fileRef = 0C2B23042AD823A7003CA111 /* KeychainManager.swift */; };
		0C2B23092AD82A9F003CA111 /* LoginModel.swift in Sources */ = {isa = PBXBuildFile; fileRef = 0C2B23082AD82A9E003CA111 /* LoginModel.swift */; };
		0C2B230B2AD82BC3003CA111 /* APIManager.swift in Sources */ = {isa = PBXBuildFile; fileRef = 0C2B230A2AD82BC3003CA111 /* APIManager.swift */; };
		0C2B230E2AD82D67003CA111 /* NotesVC.swift in Sources */ = {isa = PBXBuildFile; fileRef = 0C2B230D2AD82D67003CA111 /* NotesVC.swift */; };
		0C2B23102AD831E6003CA111 /* RegisterModel.swift in Sources */ = {isa = PBXBuildFile; fileRef = 0C2B230F2AD831E6003CA111 /* RegisterModel.swift */; };
		0C2B23122AD838DF003CA111 /* ForgotPasswordModel.swift in Sources */ = {isa = PBXBuildFile; fileRef = 0C2B23112AD838DF003CA111 /* ForgotPasswordModel.swift */; };
		E6D550D1A42923816271E23F /* Pods_NoteApp.framework in Frameworks */ = {isa = PBXBuildFile; fileRef = 78EB5A3089F50F85D82742C0 /* Pods_NoteApp.framework */; };
/* End PBXBuildFile section */

/* Begin PBXFileReference section */
		0C2B22B32AD742FF003CA111 /* NoteApp.app */ = {isa = PBXFileReference; explicitFileType = wrapper.application; includeInIndex = 0; path = NoteApp.app; sourceTree = BUILT_PRODUCTS_DIR; };
		0C2B22B62AD742FF003CA111 /* AppDelegate.swift */ = {isa = PBXFileReference; lastKnownFileType = sourcecode.swift; path = AppDelegate.swift; sourceTree = "<group>"; };
		0C2B22BF2AD74301003CA111 /* Assets.xcassets */ = {isa = PBXFileReference; lastKnownFileType = folder.assetcatalog; path = Assets.xcassets; sourceTree = "<group>"; };
		0C2B22C22AD74301003CA111 /* Base */ = {isa = PBXFileReference; lastKnownFileType = file.storyboard; name = Base; path = Base.lproj/LaunchScreen.storyboard; sourceTree = "<group>"; };
		0C2B22C42AD74301003CA111 /* Info.plist */ = {isa = PBXFileReference; lastKnownFileType = text.plist.xml; path = Info.plist; sourceTree = "<group>"; };
		0C2B22CD2AD74413003CA111 /* SplashVC.swift */ = {isa = PBXFileReference; lastKnownFileType = sourcecode.swift; path = SplashVC.swift; sourceTree = "<group>"; };
		0C2B22D02AD74458003CA111 /* LoginVC.swift */ = {isa = PBXFileReference; lastKnownFileType = sourcecode.swift; path = LoginVC.swift; sourceTree = "<group>"; };
		0C2B22DB2AD805A8003CA111 /* NAPrimaryButton.swift */ = {isa = PBXFileReference; lastKnownFileType = sourcecode.swift; path = NAPrimaryButton.swift; sourceTree = "<group>"; };
		0C2B22DD2AD805B9003CA111 /* NASecondaryButton.swift */ = {isa = PBXFileReference; lastKnownFileType = sourcecode.swift; path = NASecondaryButton.swift; sourceTree = "<group>"; };
		0C2B22E02AD806D3003CA111 /* NATitleLabel.swift */ = {isa = PBXFileReference; lastKnownFileType = sourcecode.swift; path = NATitleLabel.swift; sourceTree = "<group>"; };
		0C2B22E42AD806F6003CA111 /* NABodyLabel.swift */ = {isa = PBXFileReference; lastKnownFileType = sourcecode.swift; path = NABodyLabel.swift; sourceTree = "<group>"; };
		0C2B22E62AD8071E003CA111 /* NASecondaryTitleLabel.swift */ = {isa = PBXFileReference; lastKnownFileType = sourcecode.swift; path = NASecondaryTitleLabel.swift; sourceTree = "<group>"; };
		0C2B22E82AD80AE6003CA111 /* NATextField.swift */ = {isa = PBXFileReference; lastKnownFileType = sourcecode.swift; path = NATextField.swift; sourceTree = "<group>"; };
		0C2B22EA2AD80BFE003CA111 /* NAAuthItemView.swift */ = {isa = PBXFileReference; lastKnownFileType = sourcecode.swift; path = NAAuthItemView.swift; sourceTree = "<group>"; };
		0C2B22ED2AD80CFA003CA111 /* NAAuthHeaderVC.swift */ = {isa = PBXFileReference; lastKnownFileType = sourcecode.swift; path = NAAuthHeaderVC.swift; sourceTree = "<group>"; };
		0C2B22EF2AD810CD003CA111 /* NALoginInputVC.swift */ = {isa = PBXFileReference; lastKnownFileType = sourcecode.swift; path = NALoginInputVC.swift; sourceTree = "<group>"; };
		0C2B22F52AD81238003CA111 /* ForgotPasswordVC.swift */ = {isa = PBXFileReference; lastKnownFileType = sourcecode.swift; path = ForgotPasswordVC.swift; sourceTree = "<group>"; };
		0C2B22F72AD8126E003CA111 /* RegisterVC.swift */ = {isa = PBXFileReference; lastKnownFileType = sourcecode.swift; path = RegisterVC.swift; sourceTree = "<group>"; };
		0C2B22F92AD81716003CA111 /* NARegisterInputVC.swift */ = {isa = PBXFileReference; lastKnownFileType = sourcecode.swift; path = NARegisterInputVC.swift; sourceTree = "<group>"; };
		0C2B22FB2AD81A26003CA111 /* NAForgotPasswordInputVC.swift */ = {isa = PBXFileReference; lastKnownFileType = sourcecode.swift; path = NAForgotPasswordInputVC.swift; sourceTree = "<group>"; };
		0C2B22FF2AD81D54003CA111 /* KeyboardHelper.swift */ = {isa = PBXFileReference; lastKnownFileType = sourcecode.swift; path = KeyboardHelper.swift; sourceTree = "<group>"; };
		0C2B23042AD823A7003CA111 /* KeychainManager.swift */ = {isa = PBXFileReference; lastKnownFileType = sourcecode.swift; path = KeychainManager.swift; sourceTree = "<group>"; };
		0C2B23082AD82A9E003CA111 /* LoginModel.swift */ = {isa = PBXFileReference; lastKnownFileType = sourcecode.swift; path = LoginModel.swift; sourceTree = "<group>"; };
		0C2B230A2AD82BC3003CA111 /* APIManager.swift */ = {isa = PBXFileReference; lastKnownFileType = sourcecode.swift; path = APIManager.swift; sourceTree = "<group>"; };
		0C2B230D2AD82D67003CA111 /* NotesVC.swift */ = {isa = PBXFileReference; lastKnownFileType = sourcecode.swift; path = NotesVC.swift; sourceTree = "<group>"; };
		0C2B230F2AD831E6003CA111 /* RegisterModel.swift */ = {isa = PBXFileReference; lastKnownFileType = sourcecode.swift; path = RegisterModel.swift; sourceTree = "<group>"; };
		0C2B23112AD838DF003CA111 /* ForgotPasswordModel.swift */ = {isa = PBXFileReference; lastKnownFileType = sourcecode.swift; path = ForgotPasswordModel.swift; sourceTree = "<group>"; };
		635CCE026104C643447622A9 /* Pods-NoteApp.release.xcconfig */ = {isa = PBXFileReference; includeInIndex = 1; lastKnownFileType = text.xcconfig; name = "Pods-NoteApp.release.xcconfig"; path = "Target Support Files/Pods-NoteApp/Pods-NoteApp.release.xcconfig"; sourceTree = "<group>"; };
		78EB5A3089F50F85D82742C0 /* Pods_NoteApp.framework */ = {isa = PBXFileReference; explicitFileType = wrapper.framework; includeInIndex = 0; path = Pods_NoteApp.framework; sourceTree = BUILT_PRODUCTS_DIR; };
		CC38B27C60B989A8B4621882 /* Pods-NoteApp.debug.xcconfig */ = {isa = PBXFileReference; includeInIndex = 1; lastKnownFileType = text.xcconfig; name = "Pods-NoteApp.debug.xcconfig"; path = "Target Support Files/Pods-NoteApp/Pods-NoteApp.debug.xcconfig"; sourceTree = "<group>"; };
/* End PBXFileReference section */

/* Begin PBXFrameworksBuildPhase section */
		0C2B22B02AD742FF003CA111 /* Frameworks */ = {
			isa = PBXFrameworksBuildPhase;
			buildActionMask = 2147483647;
			files = (
				E6D550D1A42923816271E23F /* Pods_NoteApp.framework in Frameworks */,
			);
			runOnlyForDeploymentPostprocessing = 0;
		};
/* End PBXFrameworksBuildPhase section */

/* Begin PBXGroup section */
		0C2B22AA2AD742FE003CA111 = {
			isa = PBXGroup;
			children = (
				0C2B22B52AD742FF003CA111 /* NoteApp */,
				0C2B22B42AD742FF003CA111 /* Products */,
				5EB58DF09E9D70E485A076CF /* Pods */,
				4BD36E0A2E4B097135A2F7C5 /* Frameworks */,
			);
			sourceTree = "<group>";
		};
		0C2B22B42AD742FF003CA111 /* Products */ = {
			isa = PBXGroup;
			children = (
				0C2B22B32AD742FF003CA111 /* NoteApp.app */,
			);
			name = Products;
			sourceTree = "<group>";
		};
		0C2B22B52AD742FF003CA111 /* NoteApp */ = {
			isa = PBXGroup;
			children = (
				0C2B23062AD82A85003CA111 /* Entity */,
				0C2B23022AD82349003CA111 /* DataProvider */,
				0C2B22CA2AD74364003CA111 /* AppDelegate */,
				0C2B22CB2AD743F4003CA111 /* Scenes */,
				0C2B22D22AD7452E003CA111 /* UIComponents */,
				0C2B22FD2AD81CCD003CA111 /* Utilities */,
				0C2B22C42AD74301003CA111 /* Info.plist */,
				0C2B22C12AD74301003CA111 /* LaunchScreen.storyboard */,
			);
			path = NoteApp;
			sourceTree = "<group>";
		};
		0C2B22CA2AD74364003CA111 /* AppDelegate */ = {
			isa = PBXGroup;
			children = (
				0C2B22B62AD742FF003CA111 /* AppDelegate.swift */,
			);
			path = AppDelegate;
			sourceTree = "<group>";
		};
		0C2B22CB2AD743F4003CA111 /* Scenes */ = {
			isa = PBXGroup;
			children = (
				0C2B230C2AD82D57003CA111 /* Note */,
				0C2B22CF2AD74439003CA111 /* Auth */,
				0C2B22CC2AD743FF003CA111 /* Splash */,
			);
			path = Scenes;
			sourceTree = "<group>";
		};
		0C2B22CC2AD743FF003CA111 /* Splash */ = {
			isa = PBXGroup;
			children = (
				0C2B22CD2AD74413003CA111 /* SplashVC.swift */,
			);
			path = Splash;
			sourceTree = "<group>";
		};
		0C2B22CF2AD74439003CA111 /* Auth */ = {
			isa = PBXGroup;
			children = (
				0C2B22D02AD74458003CA111 /* LoginVC.swift */,
				0C2B22F52AD81238003CA111 /* ForgotPasswordVC.swift */,
				0C2B22F72AD8126E003CA111 /* RegisterVC.swift */,
			);
			path = Auth;
			sourceTree = "<group>";
		};
		0C2B22D22AD7452E003CA111 /* UIComponents */ = {
			isa = PBXGroup;
			children = (
				0C2B22D52AD80521003CA111 /* CustomViews */,
				0C2B22D32AD7453E003CA111 /* Resources */,
			);
			path = UIComponents;
			sourceTree = "<group>";
		};
		0C2B22D32AD7453E003CA111 /* Resources */ = {
			isa = PBXGroup;
			children = (
				0C2B22D42AD74548003CA111 /* Assets */,
			);
			path = Resources;
			sourceTree = "<group>";
		};
		0C2B22D42AD74548003CA111 /* Assets */ = {
			isa = PBXGroup;
			children = (
				0C2B22BF2AD74301003CA111 /* Assets.xcassets */,
			);
			path = Assets;
			sourceTree = "<group>";
		};
		0C2B22D52AD80521003CA111 /* CustomViews */ = {
			isa = PBXGroup;
			children = (
				0C2B22D62AD80531003CA111 /* Buttons */,
				0C2B22D72AD8053D003CA111 /* Labels */,
				0C2B22D82AD80543003CA111 /* TextFields */,
				0C2B22DA2AD80552003CA111 /* Views */,
				0C2B22D92AD8054B003CA111 /* ViewControllers */,
			);
			path = CustomViews;
			sourceTree = "<group>";
		};
		0C2B22D62AD80531003CA111 /* Buttons */ = {
			isa = PBXGroup;
			children = (
				0C2B22DB2AD805A8003CA111 /* NAPrimaryButton.swift */,
				0C2B22DD2AD805B9003CA111 /* NASecondaryButton.swift */,
			);
			path = Buttons;
			sourceTree = "<group>";
		};
		0C2B22D72AD8053D003CA111 /* Labels */ = {
			isa = PBXGroup;
			children = (
				0C2B22E42AD806F6003CA111 /* NABodyLabel.swift */,
				0C2B22E62AD8071E003CA111 /* NASecondaryTitleLabel.swift */,
				0C2B22E02AD806D3003CA111 /* NATitleLabel.swift */,
			);
			path = Labels;
			sourceTree = "<group>";
		};
		0C2B22D82AD80543003CA111 /* TextFields */ = {
			isa = PBXGroup;
			children = (
				0C2B22E82AD80AE6003CA111 /* NATextField.swift */,
			);
			path = TextFields;
			sourceTree = "<group>";
		};
		0C2B22D92AD8054B003CA111 /* ViewControllers */ = {
			isa = PBXGroup;
			children = (
				0C2B22EC2AD80CCC003CA111 /* AuthInputVC's */,
				0C2B22ED2AD80CFA003CA111 /* NAAuthHeaderVC.swift */,
			);
			path = ViewControllers;
			sourceTree = "<group>";
		};
		0C2B22DA2AD80552003CA111 /* Views */ = {
			isa = PBXGroup;
			children = (
				0C2B22EA2AD80BFE003CA111 /* NAAuthItemView.swift */,
			);
			path = Views;
			sourceTree = "<group>";
		};
		0C2B22EC2AD80CCC003CA111 /* AuthInputVC's */ = {
			isa = PBXGroup;
			children = (
				0C2B22EF2AD810CD003CA111 /* NALoginInputVC.swift */,
				0C2B22F92AD81716003CA111 /* NARegisterInputVC.swift */,
				0C2B22FB2AD81A26003CA111 /* NAForgotPasswordInputVC.swift */,
			);
			path = "AuthInputVC's";
			sourceTree = "<group>";
		};
		0C2B22FD2AD81CCD003CA111 /* Utilities */ = {
			isa = PBXGroup;
			children = (
				0C2B22FE2AD81CEE003CA111 /* Helper */,
			);
			path = Utilities;
			sourceTree = "<group>";
		};
		0C2B22FE2AD81CEE003CA111 /* Helper */ = {
			isa = PBXGroup;
			children = (
				0C2B22FF2AD81D54003CA111 /* KeyboardHelper.swift */,
			);
			path = Helper;
			sourceTree = "<group>";
		};
		0C2B23022AD82349003CA111 /* DataProvider */ = {
			isa = PBXGroup;
			children = (
				0C2B23032AD8235C003CA111 /* Managers */,
			);
			path = DataProvider;
			sourceTree = "<group>";
		};
		0C2B23032AD8235C003CA111 /* Managers */ = {
			isa = PBXGroup;
			children = (
				0C2B23042AD823A7003CA111 /* KeychainManager.swift */,
				0C2B230A2AD82BC3003CA111 /* APIManager.swift */,
			);
			path = Managers;
			sourceTree = "<group>";
		};
		0C2B23062AD82A85003CA111 /* Entity */ = {
			isa = PBXGroup;
			children = (
				0C2B23072AD82A90003CA111 /* Models */,
			);
			path = Entity;
			sourceTree = "<group>";
		};
		0C2B23072AD82A90003CA111 /* Models */ = {
			isa = PBXGroup;
			children = (
				0C2B23082AD82A9E003CA111 /* LoginModel.swift */,
				0C2B230F2AD831E6003CA111 /* RegisterModel.swift */,
				0C2B23112AD838DF003CA111 /* ForgotPasswordModel.swift */,
			);
			path = Models;
			sourceTree = "<group>";
		};
		0C2B230C2AD82D57003CA111 /* Note */ = {
			isa = PBXGroup;
			children = (
				0C2B230D2AD82D67003CA111 /* NotesVC.swift */,
			);
			path = Note;
			sourceTree = "<group>";
		};
		4BD36E0A2E4B097135A2F7C5 /* Frameworks */ = {
			isa = PBXGroup;
			children = (
				78EB5A3089F50F85D82742C0 /* Pods_NoteApp.framework */,
			);
			name = Frameworks;
			sourceTree = "<group>";
		};
		5EB58DF09E9D70E485A076CF /* Pods */ = {
			isa = PBXGroup;
			children = (
				CC38B27C60B989A8B4621882 /* Pods-NoteApp.debug.xcconfig */,
				635CCE026104C643447622A9 /* Pods-NoteApp.release.xcconfig */,
			);
			path = Pods;
			sourceTree = "<group>";
		};
/* End PBXGroup section */

/* Begin PBXNativeTarget section */
		0C2B22B22AD742FF003CA111 /* NoteApp */ = {
			isa = PBXNativeTarget;
			buildConfigurationList = 0C2B22C72AD74301003CA111 /* Build configuration list for PBXNativeTarget "NoteApp" */;
			buildPhases = (
				6FA45B667E22F27D13A983BA /* [CP] Check Pods Manifest.lock */,
				0C2B22AF2AD742FF003CA111 /* Sources */,
				0C2B22B02AD742FF003CA111 /* Frameworks */,
				0C2B22B12AD742FF003CA111 /* Resources */,
				F64EC717F85A86E17D9F2444 /* [CP] Embed Pods Frameworks */,
			);
			buildRules = (
			);
			dependencies = (
			);
			name = NoteApp;
			productName = NoteApp;
			productReference = 0C2B22B32AD742FF003CA111 /* NoteApp.app */;
			productType = "com.apple.product-type.application";
		};
/* End PBXNativeTarget section */

/* Begin PBXProject section */
		0C2B22AB2AD742FE003CA111 /* Project object */ = {
			isa = PBXProject;
			attributes = {
				BuildIndependentTargetsInParallel = 1;
				LastSwiftUpdateCheck = 1430;
				LastUpgradeCheck = 1430;
				TargetAttributes = {
					0C2B22B22AD742FF003CA111 = {
						CreatedOnToolsVersion = 14.3.1;
					};
				};
			};
			buildConfigurationList = 0C2B22AE2AD742FE003CA111 /* Build configuration list for PBXProject "NoteApp" */;
			compatibilityVersion = "Xcode 14.0";
			developmentRegion = en;
			hasScannedForEncodings = 0;
			knownRegions = (
				en,
				Base,
			);
			mainGroup = 0C2B22AA2AD742FE003CA111;
			productRefGroup = 0C2B22B42AD742FF003CA111 /* Products */;
			projectDirPath = "";
			projectRoot = "";
			targets = (
				0C2B22B22AD742FF003CA111 /* NoteApp */,
			);
		};
/* End PBXProject section */

/* Begin PBXResourcesBuildPhase section */
		0C2B22B12AD742FF003CA111 /* Resources */ = {
			isa = PBXResourcesBuildPhase;
			buildActionMask = 2147483647;
			files = (
				0C2B22C32AD74301003CA111 /* LaunchScreen.storyboard in Resources */,
				0C2B22C02AD74301003CA111 /* Assets.xcassets in Resources */,
			);
			runOnlyForDeploymentPostprocessing = 0;
		};
/* End PBXResourcesBuildPhase section */

/* Begin PBXShellScriptBuildPhase section */
		6FA45B667E22F27D13A983BA /* [CP] Check Pods Manifest.lock */ = {
			isa = PBXShellScriptBuildPhase;
			buildActionMask = 2147483647;
			files = (
			);
			inputFileListPaths = (
			);
			inputPaths = (
				"${PODS_PODFILE_DIR_PATH}/Podfile.lock",
				"${PODS_ROOT}/Manifest.lock",
			);
			name = "[CP] Check Pods Manifest.lock";
			outputFileListPaths = (
			);
			outputPaths = (
				"$(DERIVED_FILE_DIR)/Pods-NoteApp-checkManifestLockResult.txt",
			);
			runOnlyForDeploymentPostprocessing = 0;
			shellPath = /bin/sh;
			shellScript = "diff \"${PODS_PODFILE_DIR_PATH}/Podfile.lock\" \"${PODS_ROOT}/Manifest.lock\" > /dev/null\nif [ $? != 0 ] ; then\n    # print error to STDERR\n    echo \"error: The sandbox is not in sync with the Podfile.lock. Run 'pod install' or update your CocoaPods installation.\" >&2\n    exit 1\nfi\n# This output is used by Xcode 'outputs' to avoid re-running this script phase.\necho \"SUCCESS\" > \"${SCRIPT_OUTPUT_FILE_0}\"\n";
			showEnvVarsInLog = 0;
		};
		F64EC717F85A86E17D9F2444 /* [CP] Embed Pods Frameworks */ = {
			isa = PBXShellScriptBuildPhase;
			buildActionMask = 2147483647;
			files = (
			);
			inputFileListPaths = (
				"${PODS_ROOT}/Target Support Files/Pods-NoteApp/Pods-NoteApp-frameworks-${CONFIGURATION}-input-files.xcfilelist",
			);
			name = "[CP] Embed Pods Frameworks";
			outputFileListPaths = (
				"${PODS_ROOT}/Target Support Files/Pods-NoteApp/Pods-NoteApp-frameworks-${CONFIGURATION}-output-files.xcfilelist",
			);
			runOnlyForDeploymentPostprocessing = 0;
			shellPath = /bin/sh;
			shellScript = "\"${PODS_ROOT}/Target Support Files/Pods-NoteApp/Pods-NoteApp-frameworks.sh\"\n";
			showEnvVarsInLog = 0;
		};
/* End PBXShellScriptBuildPhase section */

/* Begin PBXSourcesBuildPhase section */
		0C2B22AF2AD742FF003CA111 /* Sources */ = {
			isa = PBXSourcesBuildPhase;
			buildActionMask = 2147483647;
			files = (
				0C2B23092AD82A9F003CA111 /* LoginModel.swift in Sources */,
				0C2B23122AD838DF003CA111 /* ForgotPasswordModel.swift in Sources */,
				0C2B22B72AD742FF003CA111 /* AppDelegate.swift in Sources */,
				0C2B22E52AD806F6003CA111 /* NABodyLabel.swift in Sources */,
				0C2B22EB2AD80BFE003CA111 /* NAAuthItemView.swift in Sources */,
				0C2B22EE2AD80CFA003CA111 /* NAAuthHeaderVC.swift in Sources */,
				0C2B22FC2AD81A26003CA111 /* NAForgotPasswordInputVC.swift in Sources */,
				0C2B23102AD831E6003CA111 /* RegisterModel.swift in Sources */,
				0C2B22CE2AD74413003CA111 /* SplashVC.swift in Sources */,
				0C2B23002AD81D54003CA111 /* KeyboardHelper.swift in Sources */,
				0C2B22FA2AD81716003CA111 /* NARegisterInputVC.swift in Sources */,
				0C2B22E12AD806D3003CA111 /* NATitleLabel.swift in Sources */,
				0C2B22D12AD74458003CA111 /* LoginVC.swift in Sources */,
				0C2B22DC2AD805A8003CA111 /* NAPrimaryButton.swift in Sources */,
				0C2B230B2AD82BC3003CA111 /* APIManager.swift in Sources */,
				0C2B22F62AD81238003CA111 /* ForgotPasswordVC.swift in Sources */,
				0C2B22F02AD810CD003CA111 /* NALoginInputVC.swift in Sources */,
				0C2B23052AD823A7003CA111 /* KeychainManager.swift in Sources */,
				0C2B22E92AD80AE6003CA111 /* NATextField.swift in Sources */,
				0C2B22F82AD8126E003CA111 /* RegisterVC.swift in Sources */,
				0C2B22DE2AD805B9003CA111 /* NASecondaryButton.swift in Sources */,
				0C2B230E2AD82D67003CA111 /* NotesVC.swift in Sources */,
				0C2B22E72AD8071E003CA111 /* NASecondaryTitleLabel.swift in Sources */,
			);
			runOnlyForDeploymentPostprocessing = 0;
		};
/* End PBXSourcesBuildPhase section */

/* Begin PBXVariantGroup section */
		0C2B22C12AD74301003CA111 /* LaunchScreen.storyboard */ = {
			isa = PBXVariantGroup;
			children = (
				0C2B22C22AD74301003CA111 /* Base */,
			);
			name = LaunchScreen.storyboard;
			sourceTree = "<group>";
		};
/* End PBXVariantGroup section */

/* Begin XCBuildConfiguration section */
		0C2B22C52AD74301003CA111 /* Debug */ = {
			isa = XCBuildConfiguration;
			buildSettings = {
				ALWAYS_SEARCH_USER_PATHS = NO;
				CLANG_ANALYZER_NONNULL = YES;
				CLANG_ANALYZER_NUMBER_OBJECT_CONVERSION = YES_AGGRESSIVE;
				CLANG_CXX_LANGUAGE_STANDARD = "gnu++20";
				CLANG_ENABLE_MODULES = YES;
				CLANG_ENABLE_OBJC_ARC = YES;
				CLANG_ENABLE_OBJC_WEAK = YES;
				CLANG_WARN_BLOCK_CAPTURE_AUTORELEASING = YES;
				CLANG_WARN_BOOL_CONVERSION = YES;
				CLANG_WARN_COMMA = YES;
				CLANG_WARN_CONSTANT_CONVERSION = YES;
				CLANG_WARN_DEPRECATED_OBJC_IMPLEMENTATIONS = YES;
				CLANG_WARN_DIRECT_OBJC_ISA_USAGE = YES_ERROR;
				CLANG_WARN_DOCUMENTATION_COMMENTS = YES;
				CLANG_WARN_EMPTY_BODY = YES;
				CLANG_WARN_ENUM_CONVERSION = YES;
				CLANG_WARN_INFINITE_RECURSION = YES;
				CLANG_WARN_INT_CONVERSION = YES;
				CLANG_WARN_NON_LITERAL_NULL_CONVERSION = YES;
				CLANG_WARN_OBJC_IMPLICIT_RETAIN_SELF = YES;
				CLANG_WARN_OBJC_LITERAL_CONVERSION = YES;
				CLANG_WARN_OBJC_ROOT_CLASS = YES_ERROR;
				CLANG_WARN_QUOTED_INCLUDE_IN_FRAMEWORK_HEADER = YES;
				CLANG_WARN_RANGE_LOOP_ANALYSIS = YES;
				CLANG_WARN_STRICT_PROTOTYPES = YES;
				CLANG_WARN_SUSPICIOUS_MOVE = YES;
				CLANG_WARN_UNGUARDED_AVAILABILITY = YES_AGGRESSIVE;
				CLANG_WARN_UNREACHABLE_CODE = YES;
				CLANG_WARN__DUPLICATE_METHOD_MATCH = YES;
				COPY_PHASE_STRIP = NO;
				DEBUG_INFORMATION_FORMAT = dwarf;
				ENABLE_STRICT_OBJC_MSGSEND = YES;
				ENABLE_TESTABILITY = YES;
				GCC_C_LANGUAGE_STANDARD = gnu11;
				GCC_DYNAMIC_NO_PIC = NO;
				GCC_NO_COMMON_BLOCKS = YES;
				GCC_OPTIMIZATION_LEVEL = 0;
				GCC_PREPROCESSOR_DEFINITIONS = (
					"DEBUG=1",
					"$(inherited)",
				);
				GCC_WARN_64_TO_32_BIT_CONVERSION = YES;
				GCC_WARN_ABOUT_RETURN_TYPE = YES_ERROR;
				GCC_WARN_UNDECLARED_SELECTOR = YES;
				GCC_WARN_UNINITIALIZED_AUTOS = YES_AGGRESSIVE;
				GCC_WARN_UNUSED_FUNCTION = YES;
				GCC_WARN_UNUSED_VARIABLE = YES;
				IPHONEOS_DEPLOYMENT_TARGET = 16.4;
				MTL_ENABLE_DEBUG_INFO = INCLUDE_SOURCE;
				MTL_FAST_MATH = YES;
				ONLY_ACTIVE_ARCH = YES;
				SDKROOT = iphoneos;
				SWIFT_ACTIVE_COMPILATION_CONDITIONS = DEBUG;
				SWIFT_OPTIMIZATION_LEVEL = "-Onone";
			};
			name = Debug;
		};
		0C2B22C62AD74301003CA111 /* Release */ = {
			isa = XCBuildConfiguration;
			buildSettings = {
				ALWAYS_SEARCH_USER_PATHS = NO;
				CLANG_ANALYZER_NONNULL = YES;
				CLANG_ANALYZER_NUMBER_OBJECT_CONVERSION = YES_AGGRESSIVE;
				CLANG_CXX_LANGUAGE_STANDARD = "gnu++20";
				CLANG_ENABLE_MODULES = YES;
				CLANG_ENABLE_OBJC_ARC = YES;
				CLANG_ENABLE_OBJC_WEAK = YES;
				CLANG_WARN_BLOCK_CAPTURE_AUTORELEASING = YES;
				CLANG_WARN_BOOL_CONVERSION = YES;
				CLANG_WARN_COMMA = YES;
				CLANG_WARN_CONSTANT_CONVERSION = YES;
				CLANG_WARN_DEPRECATED_OBJC_IMPLEMENTATIONS = YES;
				CLANG_WARN_DIRECT_OBJC_ISA_USAGE = YES_ERROR;
				CLANG_WARN_DOCUMENTATION_COMMENTS = YES;
				CLANG_WARN_EMPTY_BODY = YES;
				CLANG_WARN_ENUM_CONVERSION = YES;
				CLANG_WARN_INFINITE_RECURSION = YES;
				CLANG_WARN_INT_CONVERSION = YES;
				CLANG_WARN_NON_LITERAL_NULL_CONVERSION = YES;
				CLANG_WARN_OBJC_IMPLICIT_RETAIN_SELF = YES;
				CLANG_WARN_OBJC_LITERAL_CONVERSION = YES;
				CLANG_WARN_OBJC_ROOT_CLASS = YES_ERROR;
				CLANG_WARN_QUOTED_INCLUDE_IN_FRAMEWORK_HEADER = YES;
				CLANG_WARN_RANGE_LOOP_ANALYSIS = YES;
				CLANG_WARN_STRICT_PROTOTYPES = YES;
				CLANG_WARN_SUSPICIOUS_MOVE = YES;
				CLANG_WARN_UNGUARDED_AVAILABILITY = YES_AGGRESSIVE;
				CLANG_WARN_UNREACHABLE_CODE = YES;
				CLANG_WARN__DUPLICATE_METHOD_MATCH = YES;
				COPY_PHASE_STRIP = NO;
				DEBUG_INFORMATION_FORMAT = "dwarf-with-dsym";
				ENABLE_NS_ASSERTIONS = NO;
				ENABLE_STRICT_OBJC_MSGSEND = YES;
				GCC_C_LANGUAGE_STANDARD = gnu11;
				GCC_NO_COMMON_BLOCKS = YES;
				GCC_WARN_64_TO_32_BIT_CONVERSION = YES;
				GCC_WARN_ABOUT_RETURN_TYPE = YES_ERROR;
				GCC_WARN_UNDECLARED_SELECTOR = YES;
				GCC_WARN_UNINITIALIZED_AUTOS = YES_AGGRESSIVE;
				GCC_WARN_UNUSED_FUNCTION = YES;
				GCC_WARN_UNUSED_VARIABLE = YES;
				IPHONEOS_DEPLOYMENT_TARGET = 16.4;
				MTL_ENABLE_DEBUG_INFO = NO;
				MTL_FAST_MATH = YES;
				SDKROOT = iphoneos;
				SWIFT_COMPILATION_MODE = wholemodule;
				SWIFT_OPTIMIZATION_LEVEL = "-O";
				VALIDATE_PRODUCT = YES;
			};
			name = Release;
		};
		0C2B22C82AD74301003CA111 /* Debug */ = {
			isa = XCBuildConfiguration;
			baseConfigurationReference = CC38B27C60B989A8B4621882 /* Pods-NoteApp.debug.xcconfig */;
			buildSettings = {
				ASSETCATALOG_COMPILER_APPICON_NAME = AppIcon;
				ASSETCATALOG_COMPILER_GLOBAL_ACCENT_COLOR_NAME = AccentColor;
				CODE_SIGN_STYLE = Automatic;
				CURRENT_PROJECT_VERSION = 1;
				DEVELOPMENT_TEAM = N87XH32BL9;
				GENERATE_INFOPLIST_FILE = YES;
				INFOPLIST_FILE = NoteApp/Info.plist;
				INFOPLIST_KEY_UIApplicationSupportsIndirectInputEvents = YES;
				INFOPLIST_KEY_UILaunchStoryboardName = LaunchScreen;
				INFOPLIST_KEY_UISupportedInterfaceOrientations = UIInterfaceOrientationPortrait;
				INFOPLIST_KEY_UISupportedInterfaceOrientations_iPad = "UIInterfaceOrientationLandscapeLeft UIInterfaceOrientationLandscapeRight UIInterfaceOrientationPortrait UIInterfaceOrientationPortraitUpsideDown";
				LD_RUNPATH_SEARCH_PATHS = (
					"$(inherited)",
					"@executable_path/Frameworks",
				);
				MARKETING_VERSION = 1.0;
				PRODUCT_BUNDLE_IDENTIFIER = dev.atakanatalar.NoteApp;
				PRODUCT_NAME = "$(TARGET_NAME)";
				SWIFT_EMIT_LOC_STRINGS = YES;
				SWIFT_VERSION = 5.0;
				TARGETED_DEVICE_FAMILY = "1,2";
			};
			name = Debug;
		};
		0C2B22C92AD74301003CA111 /* Release */ = {
			isa = XCBuildConfiguration;
			baseConfigurationReference = 635CCE026104C643447622A9 /* Pods-NoteApp.release.xcconfig */;
			buildSettings = {
				ASSETCATALOG_COMPILER_APPICON_NAME = AppIcon;
				ASSETCATALOG_COMPILER_GLOBAL_ACCENT_COLOR_NAME = AccentColor;
				CODE_SIGN_STYLE = Automatic;
				CURRENT_PROJECT_VERSION = 1;
				DEVELOPMENT_TEAM = N87XH32BL9;
				GENERATE_INFOPLIST_FILE = YES;
				INFOPLIST_FILE = NoteApp/Info.plist;
				INFOPLIST_KEY_UIApplicationSupportsIndirectInputEvents = YES;
				INFOPLIST_KEY_UILaunchStoryboardName = LaunchScreen;
				INFOPLIST_KEY_UISupportedInterfaceOrientations = UIInterfaceOrientationPortrait;
				INFOPLIST_KEY_UISupportedInterfaceOrientations_iPad = "UIInterfaceOrientationLandscapeLeft UIInterfaceOrientationLandscapeRight UIInterfaceOrientationPortrait UIInterfaceOrientationPortraitUpsideDown";
				LD_RUNPATH_SEARCH_PATHS = (
					"$(inherited)",
					"@executable_path/Frameworks",
				);
				MARKETING_VERSION = 1.0;
				PRODUCT_BUNDLE_IDENTIFIER = dev.atakanatalar.NoteApp;
				PRODUCT_NAME = "$(TARGET_NAME)";
				SWIFT_EMIT_LOC_STRINGS = YES;
				SWIFT_VERSION = 5.0;
				TARGETED_DEVICE_FAMILY = "1,2";
			};
			name = Release;
		};
/* End XCBuildConfiguration section */

/* Begin XCConfigurationList section */
		0C2B22AE2AD742FE003CA111 /* Build configuration list for PBXProject "NoteApp" */ = {
			isa = XCConfigurationList;
			buildConfigurations = (
				0C2B22C52AD74301003CA111 /* Debug */,
				0C2B22C62AD74301003CA111 /* Release */,
			);
			defaultConfigurationIsVisible = 0;
			defaultConfigurationName = Release;
		};
		0C2B22C72AD74301003CA111 /* Build configuration list for PBXNativeTarget "NoteApp" */ = {
			isa = XCConfigurationList;
			buildConfigurations = (
				0C2B22C82AD74301003CA111 /* Debug */,
				0C2B22C92AD74301003CA111 /* Release */,
			);
			defaultConfigurationIsVisible = 0;
			defaultConfigurationName = Release;
		};
/* End XCConfigurationList section */
	};
	rootObject = 0C2B22AB2AD742FE003CA111 /* Project object */;
}
